
Microsoft Visual Studio Solution File, Format Version 12.00
# Visual Studio Version 16
VisualStudioVersion = 16.0.30804.86
MinimumVisualStudioVersion = 10.0.40219.1
Project("{FAE04EC0-301F-11D3-BF4B-00C04F79EFBC}") = "CookieBooking", "CookieBooking\CookieBooking.csproj", "{BE1BA06C-D71D-4BC0-A252-59901AA1EF64}"
EndProject
Global
	GlobalSection(SolutionConfigurationPlatforms) = preSolution
		Debug|Any CPU = Debug|Any CPU
		Release|Any CPU = Release|Any CPU
	EndGlobalSection
	GlobalSection(ProjectConfigurationPlatforms) = postSolution
		{BE1BA06C-D71D-4BC0-A252-59901AA1EF64}.Debug|Any CPU.ActiveCfg = Debug|Any CPU
		{BE1BA06C-D71D-4BC0-A252-59901AA1EF64}.Debug|Any CPU.Build.0 = Debug|Any CPU
		{BE1BA06C-D71D-4BC0-A252-59901AA1EF64}.Release|Any CPU.ActiveCfg = Release|Any CPU
		{BE1BA06C-D71D-4BC0-A252-59901AA1EF64}.Release|Any CPU.Build.0 = Release|Any CPU
	EndGlobalSection
	GlobalSection(SolutionProperties) = preSolution
		HideSolutionNode = FALSE
	EndGlobalSection
	GlobalSection(ExtensibilityGlobals) = postSolution
		SolutionGuid = {ADE3AA55-2696-4831-967F-970EC7A460C4}
	EndGlobalSection
EndGlobal
